// !$*UTF8*$!
{
	archiveVersion = 1;
	classes = {
	};
	objectVersion = 46;
	objects = {

/* Begin PBXBuildFile section */
		97A42C411B8F54EB0003700B /* AppDelegate.swift in Sources */ = {isa = PBXBuildFile; fileRef = 97A42C401B8F54EB0003700B /* AppDelegate.swift */; };
		97A42C431B8F54EB0003700B /* WMMusicController.swift in Sources */ = {isa = PBXBuildFile; fileRef = 97A42C421B8F54EB0003700B /* WMMusicController.swift */; };
		97A42C461B8F54EB0003700B /* Main.storyboard in Resources */ = {isa = PBXBuildFile; fileRef = 97A42C441B8F54EB0003700B /* Main.storyboard */; };
		97A42C481B8F54EB0003700B /* Assets.xcassets in Resources */ = {isa = PBXBuildFile; fileRef = 97A42C471B8F54EB0003700B /* Assets.xcassets */; };
		97A42C4B1B8F54EB0003700B /* LaunchScreen.storyboard in Resources */ = {isa = PBXBuildFile; fileRef = 97A42C491B8F54EB0003700B /* LaunchScreen.storyboard */; };
		97A42C7F1B8F57010003700B /* bb@2x.jpg in Resources */ = {isa = PBXBuildFile; fileRef = 97A42C541B8F57010003700B /* bb@2x.jpg */; settings = {ASSET_TAGS = (); }; };
		97A42C801B8F57010003700B /* bb_icon@2x.jpg in Resources */ = {isa = PBXBuildFile; fileRef = 97A42C551B8F57010003700B /* bb_icon@2x.jpg */; settings = {ASSET_TAGS = (); }; };
		97A42C811B8F57010003700B /* dzq@2x.jpg in Resources */ = {isa = PBXBuildFile; fileRef = 97A42C561B8F57010003700B /* dzq@2x.jpg */; settings = {ASSET_TAGS = (); }; };
		97A42C821B8F57010003700B /* dzq_icon@2x.jpg in Resources */ = {isa = PBXBuildFile; fileRef = 97A42C571B8F57010003700B /* dzq_icon@2x.jpg */; settings = {ASSET_TAGS = (); }; };
		97A42C831B8F57010003700B /* eason@2x.jpg in Resources */ = {isa = PBXBuildFile; fileRef = 97A42C581B8F57010003700B /* eason@2x.jpg */; settings = {ASSET_TAGS = (); }; };
		97A42C841B8F57010003700B /* eason_icon@2x.jpg in Resources */ = {isa = PBXBuildFile; fileRef = 97A42C591B8F57010003700B /* eason_icon@2x.jpg */; settings = {ASSET_TAGS = (); }; };
		97A42C851B8F57010003700B /* jay@2x.jpg in Resources */ = {isa = PBXBuildFile; fileRef = 97A42C5A1B8F57010003700B /* jay@2x.jpg */; settings = {ASSET_TAGS = (); }; };
		97A42C861B8F57010003700B /* jay_icon@2x.png in Resources */ = {isa = PBXBuildFile; fileRef = 97A42C5B1B8F57010003700B /* jay_icon@2x.png */; settings = {ASSET_TAGS = (); }; };
		97A42C871B8F57010003700B /* jj@2x.jpg in Resources */ = {isa = PBXBuildFile; fileRef = 97A42C5C1B8F57010003700B /* jj@2x.jpg */; settings = {ASSET_TAGS = (); }; };
		97A42C881B8F57010003700B /* jj_icon@2x.png in Resources */ = {isa = PBXBuildFile; fileRef = 97A42C5D1B8F57010003700B /* jj_icon@2x.png */; settings = {ASSET_TAGS = (); }; };
		97A42C891B8F57010003700B /* kzxd@2x.jpg in Resources */ = {isa = PBXBuildFile; fileRef = 97A42C5E1B8F57010003700B /* kzxd@2x.jpg */; settings = {ASSET_TAGS = (); }; };
		97A42C8A1B8F57010003700B /* kzxd_icon@2x.jpg in Resources */ = {isa = PBXBuildFile; fileRef = 97A42C5F1B8F57010003700B /* kzxd_icon@2x.jpg */; settings = {ASSET_TAGS = (); }; };
		97A42C8B1B8F57010003700B /* lkq@2x.jpg in Resources */ = {isa = PBXBuildFile; fileRef = 97A42C601B8F57010003700B /* lkq@2x.jpg */; settings = {ASSET_TAGS = (); }; };
		97A42C8C1B8F57010003700B /* lkq_icon@2x.jpg in Resources */ = {isa = PBXBuildFile; fileRef = 97A42C611B8F57010003700B /* lkq_icon@2x.jpg */; settings = {ASSET_TAGS = (); }; };
		97A42C8D1B8F57010003700B /* nanquan@2x.jpg in Resources */ = {isa = PBXBuildFile; fileRef = 97A42C621B8F57010003700B /* nanquan@2x.jpg */; settings = {ASSET_TAGS = (); }; };
		97A42C8E1B8F57010003700B /* nanquan_icon@2x.jpg in Resources */ = {isa = PBXBuildFile; fileRef = 97A42C631B8F57010003700B /* nanquan_icon@2x.jpg */; settings = {ASSET_TAGS = (); }; };
		97A42C8F1B8F57010003700B /* wf@2x.jpg in Resources */ = {isa = PBXBuildFile; fileRef = 97A42C641B8F57010003700B /* wf@2x.jpg */; settings = {ASSET_TAGS = (); }; };
		97A42C901B8F57010003700B /* wf_icon@2x.jpg in Resources */ = {isa = PBXBuildFile; fileRef = 97A42C651B8F57010003700B /* wf_icon@2x.jpg */; settings = {ASSET_TAGS = (); }; };
		97A42C911B8F57010003700B /* zxy@2x.jpg in Resources */ = {isa = PBXBuildFile; fileRef = 97A42C661B8F57010003700B /* zxy@2x.jpg */; settings = {ASSET_TAGS = (); }; };
		97A42C921B8F57010003700B /* zxy_icon@2x.jpg in Resources */ = {isa = PBXBuildFile; fileRef = 97A42C671B8F57010003700B /* zxy_icon@2x.jpg */; settings = {ASSET_TAGS = (); }; };
		97A42C931B8F57010003700B /* 10405520.lrc in Resources */ = {isa = PBXBuildFile; fileRef = 97A42C691B8F57010003700B /* 10405520.lrc */; settings = {ASSET_TAGS = (); }; };
		97A42C941B8F57010003700B /* 10736444.lrc in Resources */ = {isa = PBXBuildFile; fileRef = 97A42C6A1B8F57010003700B /* 10736444.lrc */; settings = {ASSET_TAGS = (); }; };
		97A42C951B8F57010003700B /* 120125029.lrc in Resources */ = {isa = PBXBuildFile; fileRef = 97A42C6B1B8F57010003700B /* 120125029.lrc */; settings = {ASSET_TAGS = (); }; };
		97A42C961B8F57010003700B /* 12309111.lrc in Resources */ = {isa = PBXBuildFile; fileRef = 97A42C6C1B8F57010003700B /* 12309111.lrc */; settings = {ASSET_TAGS = (); }; };
		97A42C971B8F57010003700B /* 14945107.lrc in Resources */ = {isa = PBXBuildFile; fileRef = 97A42C6D1B8F57010003700B /* 14945107.lrc */; settings = {ASSET_TAGS = (); }; };
		97A42C981B8F57010003700B /* 235319.lrc in Resources */ = {isa = PBXBuildFile; fileRef = 97A42C6E1B8F57010003700B /* 235319.lrc */; settings = {ASSET_TAGS = (); }; };
		97A42C991B8F57010003700B /* 255319.lrc in Resources */ = {isa = PBXBuildFile; fileRef = 97A42C6F1B8F57010003700B /* 255319.lrc */; settings = {ASSET_TAGS = (); }; };
		97A42C9A1B8F57010003700B /* 309769.lrc in Resources */ = {isa = PBXBuildFile; fileRef = 97A42C701B8F57010003700B /* 309769.lrc */; settings = {ASSET_TAGS = (); }; };
		97A42C9B1B8F57010003700B /* 339744.lrc in Resources */ = {isa = PBXBuildFile; fileRef = 97A42C711B8F57010003700B /* 339744.lrc */; settings = {ASSET_TAGS = (); }; };
		97A42C9C1B8F57010003700B /* 月半小夜曲.lrc in Resources */ = {isa = PBXBuildFile; fileRef = 97A42C721B8F57010003700B /* 月半小夜曲.lrc */; settings = {ASSET_TAGS = (); }; };
		97A42C9D1B8F57010003700B /* 10405520.mp3 in Resources */ = {isa = PBXBuildFile; fileRef = 97A42C741B8F57010003700B /* 10405520.mp3 */; settings = {ASSET_TAGS = (); }; };
		97A42C9E1B8F57010003700B /* 10736444.mp3 in Resources */ = {isa = PBXBuildFile; fileRef = 97A42C751B8F57010003700B /* 10736444.mp3 */; settings = {ASSET_TAGS = (); }; };
		97A42C9F1B8F57010003700B /* 1201111234.mp3 in Resources */ = {isa = PBXBuildFile; fileRef = 97A42C761B8F57010003700B /* 1201111234.mp3 */; settings = {ASSET_TAGS = (); }; };
		97A42CA01B8F57010003700B /* 120125029.mp3 in Resources */ = {isa = PBXBuildFile; fileRef = 97A42C771B8F57010003700B /* 120125029.mp3 */; settings = {ASSET_TAGS = (); }; };
		97A42CA11B8F57010003700B /* 12309111.mp3 in Resources */ = {isa = PBXBuildFile; fileRef = 97A42C781B8F57010003700B /* 12309111.mp3 */; settings = {ASSET_TAGS = (); }; };
		97A42CA21B8F57010003700B /* 14945107.mp3 in Resources */ = {isa = PBXBuildFile; fileRef = 97A42C791B8F57010003700B /* 14945107.mp3 */; settings = {ASSET_TAGS = (); }; };
		97A42CA31B8F57010003700B /* 235319.mp3 in Resources */ = {isa = PBXBuildFile; fileRef = 97A42C7A1B8F57010003700B /* 235319.mp3 */; settings = {ASSET_TAGS = (); }; };
		97A42CA41B8F57010003700B /* 255319.mp3 in Resources */ = {isa = PBXBuildFile; fileRef = 97A42C7B1B8F57010003700B /* 255319.mp3 */; settings = {ASSET_TAGS = (); }; };
		97A42CA51B8F57010003700B /* 309769.mp3 in Resources */ = {isa = PBXBuildFile; fileRef = 97A42C7C1B8F57010003700B /* 309769.mp3 */; settings = {ASSET_TAGS = (); }; };
		97A42CA61B8F57010003700B /* 339744.mp3 in Resources */ = {isa = PBXBuildFile; fileRef = 97A42C7D1B8F57010003700B /* 339744.mp3 */; settings = {ASSET_TAGS = (); }; };
		97A42CA71B8F57010003700B /* Musics.plist in Resources */ = {isa = PBXBuildFile; fileRef = 97A42C7E1B8F57010003700B /* Musics.plist */; settings = {ASSET_TAGS = (); }; };
		97A42CB11B8FF18B0003700B /* WMAudioTool.swift in Sources */ = {isa = PBXBuildFile; fileRef = 97A42CB01B8FF18B0003700B /* WMAudioTool.swift */; settings = {ASSET_TAGS = (); }; };
		97A42CB31B8FF1E70003700B /* WMMusicTool.swift in Sources */ = {isa = PBXBuildFile; fileRef = 97A42CB21B8FF1E70003700B /* WMMusicTool.swift */; settings = {ASSET_TAGS = (); }; };
		97A42CB51B8FF2160003700B /* WMLrcTool.swift in Sources */ = {isa = PBXBuildFile; fileRef = 97A42CB41B8FF2160003700B /* WMLrcTool.swift */; settings = {ASSET_TAGS = (); }; };
		97A42CB71B8FF2470003700B /* WMMusic.swift in Sources */ = {isa = PBXBuildFile; fileRef = 97A42CB61B8FF2470003700B /* WMMusic.swift */; settings = {ASSET_TAGS = (); }; };
		97A42CB91B8FF2970003700B /* WMExtens.swift in Sources */ = {isa = PBXBuildFile; fileRef = 97A42CB81B8FF2970003700B /* WMExtens.swift */; settings = {ASSET_TAGS = (); }; };
		97A42CBB1B8FF3030003700B /* WMLrcView.swift in Sources */ = {isa = PBXBuildFile; fileRef = 97A42CBA1B8FF3030003700B /* WMLrcView.swift */; settings = {ASSET_TAGS = (); }; };
		97A42CBD1B8FF3300003700B /* WMLrcCell.swift in Sources */ = {isa = PBXBuildFile; fileRef = 97A42CBC1B8FF3300003700B /* WMLrcCell.swift */; settings = {ASSET_TAGS = (); }; };
		97A42CBF1B8FF3470003700B /* WMLrcLabel.swift in Sources */ = {isa = PBXBuildFile; fileRef = 97A42CBE1B8FF3470003700B /* WMLrcLabel.swift */; settings = {ASSET_TAGS = (); }; };
		97D2E2E71B91EFFD00C1A66C /* WMLrcLine.swift in Sources */ = {isa = PBXBuildFile; fileRef = 97D2E2E61B91EFFD00C1A66C /* WMLrcLine.swift */; settings = {ASSET_TAGS = (); }; };
		97E5E0BF1B9332A4003F07BA /* WMBackPalyTool.swift in Sources */ = {isa = PBXBuildFile; fileRef = 97E5E0BE1B9332A4003F07BA /* WMBackPalyTool.swift */; settings = {ASSET_TAGS = (); }; };
/* End PBXBuildFile section */

/* Begin PBXFileReference section */
		97A42C3D1B8F54EB0003700B /* QQMusic.app */ = {isa = PBXFileReference; explicitFileType = wrapper.application; includeInIndex = 0; path = QQMusic.app; sourceTree = BUILT_PRODUCTS_DIR; };
		97A42C401B8F54EB0003700B /* AppDelegate.swift */ = {isa = PBXFileReference; lastKnownFileType = sourcecode.swift; name = AppDelegate.swift; path = ../../AppDelegate.swift; sourceTree = "<group>"; };
		97A42C421B8F54EB0003700B /* WMMusicController.swift */ = {isa = PBXFileReference; lastKnownFileType = sourcecode.swift; name = WMMusicController.swift; path = ../../WMMusicController.swift; sourceTree = "<group>"; };
		97A42C451B8F54EB0003700B /* Base */ = {isa = PBXFileReference; lastKnownFileType = file.storyboard; name = Base; path = Base.lproj/Main.storyboard; sourceTree = "<group>"; };
		97A42C471B8F54EB0003700B /* Assets.xcassets */ = {isa = PBXFileReference; lastKnownFileType = folder.assetcatalog; path = Assets.xcassets; sourceTree = "<group>"; };
		97A42C4A1B8F54EB0003700B /* Base */ = {isa = PBXFileReference; lastKnownFileType = file.storyboard; name = Base; path = Base.lproj/LaunchScreen.storyboard; sourceTree = "<group>"; };
		97A42C4C1B8F54EB0003700B /* Info.plist */ = {isa = PBXFileReference; lastKnownFileType = text.plist.xml; path = Info.plist; sourceTree = "<group>"; };
		97A42C541B8F57010003700B /* bb@2x.jpg */ = {isa = PBXFileReference; lastKnownFileType = image.jpeg; path = "bb@2x.jpg"; sourceTree = "<group>"; };
		97A42C551B8F57010003700B /* bb_icon@2x.jpg */ = {isa = PBXFileReference; lastKnownFileType = image.jpeg; path = "bb_icon@2x.jpg"; sourceTree = "<group>"; };
		97A42C561B8F57010003700B /* dzq@2x.jpg */ = {isa = PBXFileReference; lastKnownFileType = image.jpeg; path = "dzq@2x.jpg"; sourceTree = "<group>"; };
		97A42C571B8F57010003700B /* dzq_icon@2x.jpg */ = {isa = PBXFileReference; lastKnownFileType = image.jpeg; path = "dzq_icon@2x.jpg"; sourceTree = "<group>"; };
		97A42C581B8F57010003700B /* eason@2x.jpg */ = {isa = PBXFileReference; lastKnownFileType = image.jpeg; path = "eason@2x.jpg"; sourceTree = "<group>"; };
		97A42C591B8F57010003700B /* eason_icon@2x.jpg */ = {isa = PBXFileReference; lastKnownFileType = image.jpeg; path = "eason_icon@2x.jpg"; sourceTree = "<group>"; };
		97A42C5A1B8F57010003700B /* jay@2x.jpg */ = {isa = PBXFileReference; lastKnownFileType = image.jpeg; path = "jay@2x.jpg"; sourceTree = "<group>"; };
		97A42C5B1B8F57010003700B /* jay_icon@2x.png */ = {isa = PBXFileReference; lastKnownFileType = image.png; path = "jay_icon@2x.png"; sourceTree = "<group>"; };
		97A42C5C1B8F57010003700B /* jj@2x.jpg */ = {isa = PBXFileReference; lastKnownFileType = image.jpeg; path = "jj@2x.jpg"; sourceTree = "<group>"; };
		97A42C5D1B8F57010003700B /* jj_icon@2x.png */ = {isa = PBXFileReference; lastKnownFileType = image.png; path = "jj_icon@2x.png"; sourceTree = "<group>"; };
		97A42C5E1B8F57010003700B /* kzxd@2x.jpg */ = {isa = PBXFileReference; lastKnownFileType = image.jpeg; path = "kzxd@2x.jpg"; sourceTree = "<group>"; };
		97A42C5F1B8F57010003700B /* kzxd_icon@2x.jpg */ = {isa = PBXFileReference; lastKnownFileType = image.jpeg; path = "kzxd_icon@2x.jpg"; sourceTree = "<group>"; };
		97A42C601B8F57010003700B /* lkq@2x.jpg */ = {isa = PBXFileReference; lastKnownFileType = image.jpeg; path = "lkq@2x.jpg"; sourceTree = "<group>"; };
		97A42C611B8F57010003700B /* lkq_icon@2x.jpg */ = {isa = PBXFileReference; lastKnownFileType = image.jpeg; path = "lkq_icon@2x.jpg"; sourceTree = "<group>"; };
		97A42C621B8F57010003700B /* nanquan@2x.jpg */ = {isa = PBXFileReference; lastKnownFileType = image.jpeg; path = "nanquan@2x.jpg"; sourceTree = "<group>"; };
		97A42C631B8F57010003700B /* nanquan_icon@2x.jpg */ = {isa = PBXFileReference; lastKnownFileType = image.jpeg; path = "nanquan_icon@2x.jpg"; sourceTree = "<group>"; };
		97A42C641B8F57010003700B /* wf@2x.jpg */ = {isa = PBXFileReference; lastKnownFileType = image.jpeg; path = "wf@2x.jpg"; sourceTree = "<group>"; };
		97A42C651B8F57010003700B /* wf_icon@2x.jpg */ = {isa = PBXFileReference; lastKnownFileType = image.jpeg; path = "wf_icon@2x.jpg"; sourceTree = "<group>"; };
		97A42C661B8F57010003700B /* zxy@2x.jpg */ = {isa = PBXFileReference; lastKnownFileType = image.jpeg; path = "zxy@2x.jpg"; sourceTree = "<group>"; };
		97A42C671B8F57010003700B /* zxy_icon@2x.jpg */ = {isa = PBXFileReference; lastKnownFileType = image.jpeg; path = "zxy_icon@2x.jpg"; sourceTree = "<group>"; };
		97A42C691B8F57010003700B /* 10405520.lrc */ = {isa = PBXFileReference; fileEncoding = 4; lastKnownFileType = text; path = 10405520.lrc; sourceTree = "<group>"; };
		97A42C6A1B8F57010003700B /* 10736444.lrc */ = {isa = PBXFileReference; fileEncoding = 4; lastKnownFileType = text; path = 10736444.lrc; sourceTree = "<group>"; };
		97A42C6B1B8F57010003700B /* 120125029.lrc */ = {isa = PBXFileReference; fileEncoding = 4; lastKnownFileType = text; path = 120125029.lrc; sourceTree = "<group>"; };
		97A42C6C1B8F57010003700B /* 12309111.lrc */ = {isa = PBXFileReference; fileEncoding = 4; lastKnownFileType = text; path = 12309111.lrc; sourceTree = "<group>"; };
		97A42C6D1B8F57010003700B /* 14945107.lrc */ = {isa = PBXFileReference; fileEncoding = 4; lastKnownFileType = text; path = 14945107.lrc; sourceTree = "<group>"; };
		97A42C6E1B8F57010003700B /* 235319.lrc */ = {isa = PBXFileReference; fileEncoding = 4; lastKnownFileType = text; path = 235319.lrc; sourceTree = "<group>"; };
		97A42C6F1B8F57010003700B /* 255319.lrc */ = {isa = PBXFileReference; fileEncoding = 4; lastKnownFileType = text; path = 255319.lrc; sourceTree = "<group>"; };
		97A42C701B8F57010003700B /* 309769.lrc */ = {isa = PBXFileReference; fileEncoding = 4; lastKnownFileType = text; path = 309769.lrc; sourceTree = "<group>"; };
		97A42C711B8F57010003700B /* 339744.lrc */ = {isa = PBXFileReference; fileEncoding = 4; lastKnownFileType = text; path = 339744.lrc; sourceTree = "<group>"; };
		97A42C721B8F57010003700B /* 月半小夜曲.lrc */ = {isa = PBXFileReference; fileEncoding = 4; lastKnownFileType = text; path = "月半小夜曲.lrc"; sourceTree = "<group>"; };
		97A42C741B8F57010003700B /* 10405520.mp3 */ = {isa = PBXFileReference; lastKnownFileType = audio.mp3; path = 10405520.mp3; sourceTree = "<group>"; };
		97A42C751B8F57010003700B /* 10736444.mp3 */ = {isa = PBXFileReference; lastKnownFileType = audio.mp3; path = 10736444.mp3; sourceTree = "<group>"; };
		97A42C761B8F57010003700B /* 1201111234.mp3 */ = {isa = PBXFileReference; lastKnownFileType = audio.mp3; path = 1201111234.mp3; sourceTree = "<group>"; };
		97A42C771B8F57010003700B /* 120125029.mp3 */ = {isa = PBXFileReference; lastKnownFileType = audio.mp3; path = 120125029.mp3; sourceTree = "<group>"; };
		97A42C781B8F57010003700B /* 12309111.mp3 */ = {isa = PBXFileReference; lastKnownFileType = audio.mp3; path = 12309111.mp3; sourceTree = "<group>"; };
		97A42C791B8F57010003700B /* 14945107.mp3 */ = {isa = PBXFileReference; lastKnownFileType = audio.mp3; path = 14945107.mp3; sourceTree = "<group>"; };
		97A42C7A1B8F57010003700B /* 235319.mp3 */ = {isa = PBXFileReference; lastKnownFileType = audio.mp3; path = 235319.mp3; sourceTree = "<group>"; };
		97A42C7B1B8F57010003700B /* 255319.mp3 */ = {isa = PBXFileReference; lastKnownFileType = audio.mp3; path = 255319.mp3; sourceTree = "<group>"; };
		97A42C7C1B8F57010003700B /* 309769.mp3 */ = {isa = PBXFileReference; lastKnownFileType = audio.mp3; path = 309769.mp3; sourceTree = "<group>"; };
		97A42C7D1B8F57010003700B /* 339744.mp3 */ = {isa = PBXFileReference; lastKnownFileType = audio.mp3; path = 339744.mp3; sourceTree = "<group>"; };
		97A42C7E1B8F57010003700B /* Musics.plist */ = {isa = PBXFileReference; fileEncoding = 4; lastKnownFileType = text.plist.xml; path = Musics.plist; sourceTree = "<group>"; };
		97A42CB01B8FF18B0003700B /* WMAudioTool.swift */ = {isa = PBXFileReference; fileEncoding = 4; lastKnownFileType = sourcecode.swift; path = WMAudioTool.swift; sourceTree = "<group>"; };
		97A42CB21B8FF1E70003700B /* WMMusicTool.swift */ = {isa = PBXFileReference; fileEncoding = 4; lastKnownFileType = sourcecode.swift; path = WMMusicTool.swift; sourceTree = "<group>"; };
		97A42CB41B8FF2160003700B /* WMLrcTool.swift */ = {isa = PBXFileReference; fileEncoding = 4; lastKnownFileType = sourcecode.swift; path = WMLrcTool.swift; sourceTree = "<group>"; };
		97A42CB61B8FF2470003700B /* WMMusic.swift */ = {isa = PBXFileReference; fileEncoding = 4; lastKnownFileType = sourcecode.swift; path = WMMusic.swift; sourceTree = "<group>"; };
		97A42CB81B8FF2970003700B /* WMExtens.swift */ = {isa = PBXFileReference; fileEncoding = 4; lastKnownFileType = sourcecode.swift; path = WMExtens.swift; sourceTree = "<group>"; };
		97A42CBA1B8FF3030003700B /* WMLrcView.swift */ = {isa = PBXFileReference; fileEncoding = 4; lastKnownFileType = sourcecode.swift; path = WMLrcView.swift; sourceTree = "<group>"; };
		97A42CBC1B8FF3300003700B /* WMLrcCell.swift */ = {isa = PBXFileReference; fileEncoding = 4; lastKnownFileType = sourcecode.swift; path = WMLrcCell.swift; sourceTree = "<group>"; };
		97A42CBE1B8FF3470003700B /* WMLrcLabel.swift */ = {isa = PBXFileReference; fileEncoding = 4; lastKnownFileType = sourcecode.swift; path = WMLrcLabel.swift; sourceTree = "<group>"; };
		97D2E2E61B91EFFD00C1A66C /* WMLrcLine.swift */ = {isa = PBXFileReference; fileEncoding = 4; lastKnownFileType = sourcecode.swift; path = WMLrcLine.swift; sourceTree = "<group>"; };
		97E5E0BE1B9332A4003F07BA /* WMBackPalyTool.swift */ = {isa = PBXFileReference; fileEncoding = 4; lastKnownFileType = sourcecode.swift; path = WMBackPalyTool.swift; sourceTree = "<group>"; };
/* End PBXFileReference section */

/* Begin PBXFrameworksBuildPhase section */
		97A42C3A1B8F54EB0003700B /* Frameworks */ = {
			isa = PBXFrameworksBuildPhase;
			buildActionMask = 2147483647;
			files = (
			);
			runOnlyForDeploymentPostprocessing = 0;
		};
/* End PBXFrameworksBuildPhase section */

/* Begin PBXGroup section */
		97A42C341B8F54EB0003700B = {
			isa = PBXGroup;
			children = (
				97A42C3F1B8F54EB0003700B /* QQMusic */,
				97A42C3E1B8F54EB0003700B /* Products */,
			);
			sourceTree = "<group>";
		};
		97A42C3E1B8F54EB0003700B /* Products */ = {
			isa = PBXGroup;
			children = (
				97A42C3D1B8F54EB0003700B /* QQMusic.app */,
			);
			name = Products;
			sourceTree = "<group>";
		};
		97A42C3F1B8F54EB0003700B /* QQMusic */ = {
			isa = PBXGroup;
			children = (
				97A42CA81B8F57100003700B /* Classes */,
				97A42C521B8F57010003700B /* Resources */,
				97A42C471B8F54EB0003700B /* Assets.xcassets */,
				97A42C4C1B8F54EB0003700B /* Info.plist */,
			);
			path = QQMusic;
			sourceTree = "<group>";
		};
		97A42C521B8F57010003700B /* Resources */ = {
			isa = PBXGroup;
			children = (
				97A42C531B8F57010003700B /* Images */,
				97A42C681B8F57010003700B /* Lrcs */,
				97A42C731B8F57010003700B /* MP3s */,
				97A42C7E1B8F57010003700B /* Musics.plist */,
			);
			path = Resources;
			sourceTree = "<group>";
		};
		97A42C531B8F57010003700B /* Images */ = {
			isa = PBXGroup;
			children = (
				97A42C541B8F57010003700B /* bb@2x.jpg */,
				97A42C551B8F57010003700B /* bb_icon@2x.jpg */,
				97A42C561B8F57010003700B /* dzq@2x.jpg */,
				97A42C571B8F57010003700B /* dzq_icon@2x.jpg */,
				97A42C581B8F57010003700B /* eason@2x.jpg */,
				97A42C591B8F57010003700B /* eason_icon@2x.jpg */,
				97A42C5A1B8F57010003700B /* jay@2x.jpg */,
				97A42C5B1B8F57010003700B /* jay_icon@2x.png */,
				97A42C5C1B8F57010003700B /* jj@2x.jpg */,
				97A42C5D1B8F57010003700B /* jj_icon@2x.png */,
				97A42C5E1B8F57010003700B /* kzxd@2x.jpg */,
				97A42C5F1B8F57010003700B /* kzxd_icon@2x.jpg */,
				97A42C601B8F57010003700B /* lkq@2x.jpg */,
				97A42C611B8F57010003700B /* lkq_icon@2x.jpg */,
				97A42C621B8F57010003700B /* nanquan@2x.jpg */,
				97A42C631B8F57010003700B /* nanquan_icon@2x.jpg */,
				97A42C641B8F57010003700B /* wf@2x.jpg */,
				97A42C651B8F57010003700B /* wf_icon@2x.jpg */,
				97A42C661B8F57010003700B /* zxy@2x.jpg */,
				97A42C671B8F57010003700B /* zxy_icon@2x.jpg */,
			);
			path = Images;
			sourceTree = "<group>";
		};
		97A42C681B8F57010003700B /* Lrcs */ = {
			isa = PBXGroup;
			children = (
				97A42C691B8F57010003700B /* 10405520.lrc */,
				97A42C6A1B8F57010003700B /* 10736444.lrc */,
				97A42C6B1B8F57010003700B /* 120125029.lrc */,
				97A42C6C1B8F57010003700B /* 12309111.lrc */,
				97A42C6D1B8F57010003700B /* 14945107.lrc */,
				97A42C6E1B8F57010003700B /* 235319.lrc */,
				97A42C6F1B8F57010003700B /* 255319.lrc */,
				97A42C701B8F57010003700B /* 309769.lrc */,
				97A42C711B8F57010003700B /* 339744.lrc */,
				97A42C721B8F57010003700B /* 月半小夜曲.lrc */,
			);
			path = Lrcs;
			sourceTree = "<group>";
		};
		97A42C731B8F57010003700B /* MP3s */ = {
			isa = PBXGroup;
			children = (
				97A42C741B8F57010003700B /* 10405520.mp3 */,
				97A42C751B8F57010003700B /* 10736444.mp3 */,
				97A42C761B8F57010003700B /* 1201111234.mp3 */,
				97A42C771B8F57010003700B /* 120125029.mp3 */,
				97A42C781B8F57010003700B /* 12309111.mp3 */,
				97A42C791B8F57010003700B /* 14945107.mp3 */,
				97A42C7A1B8F57010003700B /* 235319.mp3 */,
				97A42C7B1B8F57010003700B /* 255319.mp3 */,
				97A42C7C1B8F57010003700B /* 309769.mp3 */,
				97A42C7D1B8F57010003700B /* 339744.mp3 */,
			);
			path = MP3s;
			sourceTree = "<group>";
		};
		97A42CA81B8F57100003700B /* Classes */ = {
			isa = PBXGroup;
			children = (
				97A42CA91B8F57100003700B /* Controller */,
				97A42CAA1B8F57100003700B /* Model */,
				97A42CAB1B8F57100003700B /* Other */,
				97A42CAE1B8F57100003700B /* Tool */,
				97A42CAF1B8F57100003700B /* View */,
			);
			path = Classes;
			sourceTree = "<group>";
		};
		97A42CA91B8F57100003700B /* Controller */ = {
			isa = PBXGroup;
			children = (
				97A42C421B8F54EB0003700B /* WMMusicController.swift */,
			);
			path = Controller;
			sourceTree = "<group>";
		};
		97A42CAA1B8F57100003700B /* Model */ = {
			isa = PBXGroup;
			children = (
				97A42CB61B8FF2470003700B /* WMMusic.swift */,
				97D2E2E61B91EFFD00C1A66C /* WMLrcLine.swift */,
			);
			path = Model;
			sourceTree = "<group>";
		};
		97A42CAB1B8F57100003700B /* Other */ = {
			isa = PBXGroup;
			children = (
				97A42C491B8F54EB0003700B /* LaunchScreen.storyboard */,
				97A42C441B8F54EB0003700B /* Main.storyboard */,
				97A42C401B8F54EB0003700B /* AppDelegate.swift */,
				97A42CAC1B8F57100003700B /* Category */,
				97A42CAD1B8F57100003700B /* Lib */,
			);
			path = Other;
			sourceTree = "<group>";
		};
		97A42CAC1B8F57100003700B /* Category */ = {
			isa = PBXGroup;
			children = (
				97A42CB81B8FF2970003700B /* WMExtens.swift */,
			);
			path = Category;
			sourceTree = "<group>";
		};
		97A42CAD1B8F57100003700B /* Lib */ = {
			isa = PBXGroup;
			children = (
			);
			path = Lib;
			sourceTree = "<group>";
		};
		97A42CAE1B8F57100003700B /* Tool */ = {
			isa = PBXGroup;
			children = (
				97A42CB01B8FF18B0003700B /* WMAudioTool.swift */,
				97A42CB21B8FF1E70003700B /* WMMusicTool.swift */,
				97A42CB41B8FF2160003700B /* WMLrcTool.swift */,
				97E5E0BE1B9332A4003F07BA /* WMBackPalyTool.swift */,
			);
			path = Tool;
			sourceTree = "<group>";
		};
		97A42CAF1B8F57100003700B /* View */ = {
			isa = PBXGroup;
			children = (
				97A42CBA1B8FF3030003700B /* WMLrcView.swift */,
				97A42CBC1B8FF3300003700B /* WMLrcCell.swift */,
				97A42CBE1B8FF3470003700B /* WMLrcLabel.swift */,
			);
			path = View;
			sourceTree = "<group>";
		};
/* End PBXGroup section */

/* Begin PBXNativeTarget section */
		97A42C3C1B8F54EB0003700B /* QQMusic */ = {
			isa = PBXNativeTarget;
			buildConfigurationList = 97A42C4F1B8F54EB0003700B /* Build configuration list for PBXNativeTarget "QQMusic" */;
			buildPhases = (
				97A42C391B8F54EB0003700B /* Sources */,
				97A42C3A1B8F54EB0003700B /* Frameworks */,
				97A42C3B1B8F54EB0003700B /* Resources */,
			);
			buildRules = (
			);
			dependencies = (
			);
			name = QQMusic;
			productName = QQMusic;
			productReference = 97A42C3D1B8F54EB0003700B /* QQMusic.app */;
			productType = "com.apple.product-type.application";
		};
/* End PBXNativeTarget section */

/* Begin PBXProject section */
		97A42C351B8F54EB0003700B /* Project object */ = {
			isa = PBXProject;
			attributes = {
				CLASSPREFIX = WM;
				LastUpgradeCheck = 0700;
				ORGANIZATIONNAME = "王蒙";
				TargetAttributes = {
					97A42C3C1B8F54EB0003700B = {
						CreatedOnToolsVersion = 7.0;
						DevelopmentTeam = S2U7A43L23;
						SystemCapabilities = {
							com.apple.BackgroundModes = {
								enabled = 1;
							};
						};
					};
				};
			};
			buildConfigurationList = 97A42C381B8F54EB0003700B /* Build configuration list for PBXProject "QQMusic" */;
			compatibilityVersion = "Xcode 3.2";
			developmentRegion = English;
			hasScannedForEncodings = 0;
			knownRegions = (
				en,
				Base,
			);
			mainGroup = 97A42C341B8F54EB0003700B;
			productRefGroup = 97A42C3E1B8F54EB0003700B /* Products */;
			projectDirPath = "";
			projectRoot = "";
			targets = (
				97A42C3C1B8F54EB0003700B /* QQMusic */,
			);
		};
/* End PBXProject section */

/* Begin PBXResourcesBuildPhase section */
		97A42C3B1B8F54EB0003700B /* Resources */ = {
			isa = PBXResourcesBuildPhase;
			buildActionMask = 2147483647;
			files = (
				97A42C991B8F57010003700B /* 255319.lrc in Resources */,
				97A42C941B8F57010003700B /* 10736444.lrc in Resources */,
				97A42CA11B8F57010003700B /* 12309111.mp3 in Resources */,
				97A42C8E1B8F57010003700B /* nanquan_icon@2x.jpg in Resources */,
				97A42C881B8F57010003700B /* jj_icon@2x.png in Resources */,
				97A42C9F1B8F57010003700B /* 1201111234.mp3 in Resources */,
				97A42CA71B8F57010003700B /* Musics.plist in Resources */,
				97A42C9E1B8F57010003700B /* 10736444.mp3 in Resources */,
				97A42C861B8F57010003700B /* jay_icon@2x.png in Resources */,
				97A42CA21B8F57010003700B /* 14945107.mp3 in Resources */,
				97A42C801B8F57010003700B /* bb_icon@2x.jpg in Resources */,
				97A42C931B8F57010003700B /* 10405520.lrc in Resources */,
				97A42C8A1B8F57010003700B /* kzxd_icon@2x.jpg in Resources */,
				97A42C851B8F57010003700B /* jay@2x.jpg in Resources */,
				97A42C4B1B8F54EB0003700B /* LaunchScreen.storyboard in Resources */,
				97A42C921B8F57010003700B /* zxy_icon@2x.jpg in Resources */,
				97A42CA41B8F57010003700B /* 255319.mp3 in Resources */,
				97A42C8F1B8F57010003700B /* wf@2x.jpg in Resources */,
				97A42C811B8F57010003700B /* dzq@2x.jpg in Resources */,
				97A42C901B8F57010003700B /* wf_icon@2x.jpg in Resources */,
				97A42C841B8F57010003700B /* eason_icon@2x.jpg in Resources */,
				97A42CA01B8F57010003700B /* 120125029.mp3 in Resources */,
				97A42C9D1B8F57010003700B /* 10405520.mp3 in Resources */,
				97A42C891B8F57010003700B /* kzxd@2x.jpg in Resources */,
				97A42C8C1B8F57010003700B /* lkq_icon@2x.jpg in Resources */,
				97A42CA31B8F57010003700B /* 235319.mp3 in Resources */,
				97A42C961B8F57010003700B /* 12309111.lrc in Resources */,
				97A42C871B8F57010003700B /* jj@2x.jpg in Resources */,
				97A42C911B8F57010003700B /* zxy@2x.jpg in Resources */,
				97A42C831B8F57010003700B /* eason@2x.jpg in Resources */,
				97A42C8B1B8F57010003700B /* lkq@2x.jpg in Resources */,
				97A42C9A1B8F57010003700B /* 309769.lrc in Resources */,
				97A42C9B1B8F57010003700B /* 339744.lrc in Resources */,
				97A42C9C1B8F57010003700B /* 月半小夜曲.lrc in Resources */,
				97A42C821B8F57010003700B /* dzq_icon@2x.jpg in Resources */,
				97A42C971B8F57010003700B /* 14945107.lrc in Resources */,
				97A42C481B8F54EB0003700B /* Assets.xcassets in Resources */,
				97A42CA51B8F57010003700B /* 309769.mp3 in Resources */,
				97A42C951B8F57010003700B /* 120125029.lrc in Resources */,
				97A42C7F1B8F57010003700B /* bb@2x.jpg in Resources */,
				97A42C981B8F57010003700B /* 235319.lrc in Resources */,
				97A42C461B8F54EB0003700B /* Main.storyboard in Resources */,
				97A42C8D1B8F57010003700B /* nanquan@2x.jpg in Resources */,
				97A42CA61B8F57010003700B /* 339744.mp3 in Resources */,
			);
			runOnlyForDeploymentPostprocessing = 0;
		};
/* End PBXResourcesBuildPhase section */

/* Begin PBXSourcesBuildPhase section */
		97A42C391B8F54EB0003700B /* Sources */ = {
			isa = PBXSourcesBuildPhase;
			buildActionMask = 2147483647;
			files = (
				97A42CBF1B8FF3470003700B /* WMLrcLabel.swift in Sources */,
				97A42CB11B8FF18B0003700B /* WMAudioTool.swift in Sources */,
				97D2E2E71B91EFFD00C1A66C /* WMLrcLine.swift in Sources */,
				97A42C431B8F54EB0003700B /* WMMusicController.swift in Sources */,
				97A42CBB1B8FF3030003700B /* WMLrcView.swift in Sources */,
				97A42CBD1B8FF3300003700B /* WMLrcCell.swift in Sources */,
				97A42C411B8F54EB0003700B /* AppDelegate.swift in Sources */,
				97A42CB71B8FF2470003700B /* WMMusic.swift in Sources */,
				97E5E0BF1B9332A4003F07BA /* WMBackPalyTool.swift in Sources */,
				97A42CB51B8FF2160003700B /* WMLrcTool.swift in Sources */,
				97A42CB31B8FF1E70003700B /* WMMusicTool.swift in Sources */,
				97A42CB91B8FF2970003700B /* WMExtens.swift in Sources */,
			);
			runOnlyForDeploymentPostprocessing = 0;
		};
/* End PBXSourcesBuildPhase section */

/* Begin PBXVariantGroup section */
		97A42C441B8F54EB0003700B /* Main.storyboard */ = {
			isa = PBXVariantGroup;
			children = (
				97A42C451B8F54EB0003700B /* Base */,
			);
			name = Main.storyboard;
			path = ../..;
			sourceTree = "<group>";
		};
		97A42C491B8F54EB0003700B /* LaunchScreen.storyboard */ = {
			isa = PBXVariantGroup;
			children = (
				97A42C4A1B8F54EB0003700B /* Base */,
			);
			name = LaunchScreen.storyboard;
			path = ../..;
			sourceTree = "<group>";
		};
/* End PBXVariantGroup section */

/* Begin XCBuildConfiguration section */
		97A42C4D1B8F54EB0003700B /* Debug */ = {
			isa = XCBuildConfiguration;
			buildSettings = {
				ALWAYS_SEARCH_USER_PATHS = NO;
				CLANG_CXX_LANGUAGE_STANDARD = "gnu++0x";
				CLANG_CXX_LIBRARY = "libc++";
				CLANG_ENABLE_MODULES = YES;
				CLANG_ENABLE_OBJC_ARC = YES;
				CLANG_WARN_BOOL_CONVERSION = YES;
				CLANG_WARN_CONSTANT_CONVERSION = YES;
				CLANG_WARN_DIRECT_OBJC_ISA_USAGE = YES_ERROR;
				CLANG_WARN_EMPTY_BODY = YES;
				CLANG_WARN_ENUM_CONVERSION = YES;
				CLANG_WARN_INT_CONVERSION = YES;
				CLANG_WARN_OBJC_ROOT_CLASS = YES_ERROR;
				CLANG_WARN_UNREACHABLE_CODE = YES;
				CLANG_WARN__DUPLICATE_METHOD_MATCH = YES;
				"CODE_SIGN_IDENTITY[sdk=iphoneos*]" = "iPhone Developer";
				COPY_PHASE_STRIP = NO;
				DEBUG_INFORMATION_FORMAT = dwarf;
				ENABLE_STRICT_OBJC_MSGSEND = YES;
				ENABLE_TESTABILITY = YES;
				GCC_C_LANGUAGE_STANDARD = gnu99;
				GCC_DYNAMIC_NO_PIC = NO;
				GCC_NO_COMMON_BLOCKS = YES;
				GCC_OPTIMIZATION_LEVEL = 0;
				GCC_PREPROCESSOR_DEFINITIONS = (
					"DEBUG=1",
					"$(inherited)",
				);
				GCC_WARN_64_TO_32_BIT_CONVERSION = YES;
				GCC_WARN_ABOUT_RETURN_TYPE = YES_ERROR;
				GCC_WARN_UNDECLARED_SELECTOR = YES;
				GCC_WARN_UNINITIALIZED_AUTOS = YES_AGGRESSIVE;
				GCC_WARN_UNUSED_FUNCTION = YES;
				GCC_WARN_UNUSED_VARIABLE = YES;
				IPHONEOS_DEPLOYMENT_TARGET = 9.0;
				MTL_ENABLE_DEBUG_INFO = YES;
				ONLY_ACTIVE_ARCH = YES;
				SDKROOT = iphoneos;
				SWIFT_OPTIMIZATION_LEVEL = "-Onone";
			};
			name = Debug;
		};
		97A42C4E1B8F54EB0003700B /* Release */ = {
			isa = XCBuildConfiguration;
			buildSettings = {
				ALWAYS_SEARCH_USER_PATHS = NO;
				CLANG_CXX_LANGUAGE_STANDARD = "gnu++0x";
				CLANG_CXX_LIBRARY = "libc++";
				CLANG_ENABLE_MODULES = YES;
				CLANG_ENABLE_OBJC_ARC = YES;
				CLANG_WARN_BOOL_CONVERSION = YES;
				CLANG_WARN_CONSTANT_CONVERSION = YES;
				CLANG_WARN_DIRECT_OBJC_ISA_USAGE = YES_ERROR;
				CLANG_WARN_EMPTY_BODY = YES;
				CLANG_WARN_ENUM_CONVERSION = YES;
				CLANG_WARN_INT_CONVERSION = YES;
				CLANG_WARN_OBJC_ROOT_CLASS = YES_ERROR;
				CLANG_WARN_UNREACHABLE_CODE = YES;
				CLANG_WARN__DUPLICATE_METHOD_MATCH = YES;
				"CODE_SIGN_IDENTITY[sdk=iphoneos*]" = "iPhone Developer";
				COPY_PHASE_STRIP = NO;
				DEBUG_INFORMATION_FORMAT = "dwarf-with-dsym";
				ENABLE_NS_ASSERTIONS = NO;
				ENABLE_STRICT_OBJC_MSGSEND = YES;
				GCC_C_LANGUAGE_STANDARD = gnu99;
				GCC_NO_COMMON_BLOCKS = YES;
				GCC_WARN_64_TO_32_BIT_CONVERSION = YES;
				GCC_WARN_ABOUT_RETURN_TYPE = YES_ERROR;
				GCC_WARN_UNDECLARED_SELECTOR = YES;
				GCC_WARN_UNINITIALIZED_AUTOS = YES_AGGRESSIVE;
				GCC_WARN_UNUSED_FUNCTION = YES;
				GCC_WARN_UNUSED_VARIABLE = YES;
				IPHONEOS_DEPLOYMENT_TARGET = 9.0;
				MTL_ENABLE_DEBUG_INFO = NO;
				SDKROOT = iphoneos;
				VALIDATE_PRODUCT = YES;
			};
			name = Release;
		};
		97A42C501B8F54EB0003700B /* Debug */ = {
			isa = XCBuildConfiguration;
			buildSettings = {
				ASSETCATALOG_COMPILER_APPICON_NAME = AppIcon;
				ASSETCATALOG_COMPILER_LAUNCHIMAGE_NAME = BrandAsset;
				CODE_SIGN_IDENTITY = "iPhone Developer";
				"CODE_SIGN_IDENTITY[sdk=iphoneos*]" = "iPhone Developer";
				INFOPLIST_FILE = QQMusic/Info.plist;
				IPHONEOS_DEPLOYMENT_TARGET = 8.4;
				LD_RUNPATH_SEARCH_PATHS = "$(inherited) @executable_path/Frameworks";
				PRODUCT_BUNDLE_IDENTIFIER = com.lovethinkers.www.QQMusic;
				PRODUCT_NAME = "$(TARGET_NAME)";
				PROVISIONING_PROFILE = "";
			};
			name = Debug;
		};
		97A42C511B8F54EB0003700B /* Release */ = {
			isa = XCBuildConfiguration;
			buildSettings = {
				ASSETCATALOG_COMPILER_APPICON_NAME = AppIcon;
				ASSETCATALOG_COMPILER_LAUNCHIMAGE_NAME = BrandAsset;
				CODE_SIGN_IDENTITY = "iPhone Developer";
				"CODE_SIGN_IDENTITY[sdk=iphoneos*]" = "iPhone Developer";
				INFOPLIST_FILE = QQMusic/Info.plist;
				IPHONEOS_DEPLOYMENT_TARGET = 8.4;
				LD_RUNPATH_SEARCH_PATHS = "$(inherited) @executable_path/Frameworks";
				PRODUCT_BUNDLE_IDENTIFIER = com.lovethinkers.www.QQMusic;
				PRODUCT_NAME = "$(TARGET_NAME)";
				PROVISIONING_PROFILE = "";
			};
			name = Release;
		};
/* End XCBuildConfiguration section */

/* Begin XCConfigurationList section */
		97A42C381B8F54EB0003700B /* Build configuration list for PBXProject "QQMusic" */ = {
			isa = XCConfigurationList;
			buildConfigurations = (
				97A42C4D1B8F54EB0003700B /* Debug */,
				97A42C4E1B8F54EB0003700B /* Release */,
			);
			defaultConfigurationIsVisible = 0;
			defaultConfigurationName = Release;
		};
		97A42C4F1B8F54EB0003700B /* Build configuration list for PBXNativeTarget "QQMusic" */ = {
			isa = XCConfigurationList;
			buildConfigurations = (
				97A42C501B8F54EB0003700B /* Debug */,
				97A42C511B8F54EB0003700B /* Release */,
			);
			defaultConfigurationIsVisible = 0;
			defaultConfigurationName = Release;
		};
/* End XCConfigurationList section */
	};
	rootObject = 97A42C351B8F54EB0003700B /* Project object */;
}
